
Microsoft Visual Studio Solution File, Format Version 12.00
# Visual Studio 2013
VisualStudioVersion = 12.0.30501.0
MinimumVisualStudioVersion = 10.0.40219.1
Project("{2150E333-8FDC-42A3-9474-1A3956D46DE8}") = "Core", "Core", "{6F794559-785A-4FCB-8868-225C2AE9D08E}"
EndProject
Project("{2150E333-8FDC-42A3-9474-1A3956D46DE8}") = "Domain", "Domain", "{D45072C3-8BD7-4CD5-9DE0-4502420FE14A}"
EndProject
Project("{2150E333-8FDC-42A3-9474-1A3956D46DE8}") = "Data", "Data", "{9E843024-AE9B-487B-88C7-FCD07BF64B7E}"
EndProject
Project("{FAE04EC0-301F-11D3-BF4B-00C04F79EFBC}") = "BlackMamba.Framework.Core", "Cores\src\BlackMamba.Framework.Core\BlackMamba.Framework.Core.csproj", "{ED2825C8-9C61-4CF2-BC55-0E181F2D27E9}"
EndProject
Project("{FAE04EC0-301F-11D3-BF4B-00C04F79EFBC}") = "BlackMamba.Framework.SubSonic.Extension", "Cores\src\BlackMamba.Framework.SubSonic.Extension\BlackMamba.Framework.SubSonic.Extension.csproj", "{31962D40-25A6-46B8-A9BE-0A8E647DFBA4}"
EndProject
Project("{FAE04EC0-301F-11D3-BF4B-00C04F79EFBC}") = "SubSonic.Core", "Cores\src\SubSonic-3.0-master\SubSonic.Core\SubSonic.Core.csproj", "{53FF90B2-2D33-4EC0-91B6-A30FDF1B3374}"
EndProject
Project("{2150E333-8FDC-42A3-9474-1A3956D46DE8}") = "Client", "Client", "{07DB7399-976C-4064-B409-A065F83EF5E6}"
EndProject
Project("{2150E333-8FDC-42A3-9474-1A3956D46DE8}") = "Website", "Website", "{7BB1BCC9-E44B-42C3-98ED-A34BA03F9004}"
EndProject
Project("{FAE04EC0-301F-11D3-BF4B-00C04F79EFBC}") = "CC.Product.Core", "Src\CC.Product.Core\CC.Product.Core.csproj", "{FEE405DA-08C4-4840-96CA-49EE941BEA6D}"
EndProject
Project("{FAE04EC0-301F-11D3-BF4B-00C04F79EFBC}") = "CC.Product.Data", "Src\CC.Product.Data\CC.Product.Data.csproj", "{C304D56C-E123-4AE4-B681-95F3420E1EE0}"
EndProject
Project("{FAE04EC0-301F-11D3-BF4B-00C04F79EFBC}") = "CC.Product.Models", "Src\CC.Product.Models\CC.Product.Models.csproj", "{1ADCD0A3-18BB-4EC6-B03A-B51A411AD811}"
EndProject
Project("{FAE04EC0-301F-11D3-BF4B-00C04F79EFBC}") = "CC.Product.ViewModels", "Src\CC.Product.ViewModels\CC.Product.ViewModels.csproj", "{629A3F75-829D-4523-AF8F-D50F105E49C2}"
EndProject
Project("{FAE04EC0-301F-11D3-BF4B-00C04F79EFBC}") = "CC.Product.Domain", "Src\CC.Product.Domain\CC.Product.Domain.csproj", "{6E6FA9CB-057A-440E-B8B6-933828BFEA97}"
EndProject
Project("{FAE04EC0-301F-11D3-BF4B-00C04F79EFBC}") = "BlackMamba.Framework.Automation", "Cores\src\BlackMamba.Framework.Automation\BlackMamba.Framework.Automation.csproj", "{240C6FD3-BFEA-42F0-8A5C-D7615F4E278E}"
EndProject
Project("{FAE04EC0-301F-11D3-BF4B-00C04F79EFBC}") = "BlackMamba.Framework.RedisMapper", "Cores\src\BlackMamba.Framework.RedisMapper\BlackMamba.Framework.RedisMapper.csproj", "{E3F95DFF-1613-4AA2-B26B-479A7650AAF4}"
EndProject
Project("{FAE04EC0-301F-11D3-BF4B-00C04F79EFBC}") = "BlackMamba.Framework.SubSonic.Oracle.Extension", "Cores\src\BlackMamba.Framework.SubSonic.Oracle.Extension\BlackMamba.Framework.SubSonic.Oracle.Extension.csproj", "{AE6D64CB-E114-4843-A1A7-9184D98D0A74}"
EndProject
Project("{FAE04EC0-301F-11D3-BF4B-00C04F79EFBC}") = "SubSonic.Core.Oracle", "Cores\src\SubSonic.Core.Oracle\SubSonic.Core.Oracle.csproj", "{EDECAC79-55BC-4AA9-A08B-9FE143D825D0}"
EndProject
Project("{2150E333-8FDC-42A3-9474-1A3956D46DE8}") = "Framework", "Framework", "{32AC3171-B33A-42AE-BF8F-9AB8D19E8CFE}"
EndProject
Project("{2150E333-8FDC-42A3-9474-1A3956D46DE8}") = "Redis", "Redis", "{C7C0DA84-AEA9-4276-BA65-9E8B74AB641F}"
EndProject
Project("{2150E333-8FDC-42A3-9474-1A3956D46DE8}") = "Subsonic", "Subsonic", "{5F212AEB-E122-458E-9246-3526A89C10C2}"
EndProject
Project("{2150E333-8FDC-42A3-9474-1A3956D46DE8}") = "Quality", "Quality", "{C945A59B-3BEF-414E-AC6B-E460B67E6BB2}"
EndProject
Project("{FAE04EC0-301F-11D3-BF4B-00C04F79EFBC}") = "BlackMamba.Framework.Automation.Tests", "Cores\src\BlackMamba.Framework.Automation.Tests\BlackMamba.Framework.Automation.Tests.csproj", "{6ADEE563-2C9D-4A87-B33B-C815280C36A4}"
EndProject
Project("{FAE04EC0-301F-11D3-BF4B-00C04F79EFBC}") = "SubSonic.Core.Oracle.Test", "Cores\src\SubSonic.Core.Oracle.Test\SubSonic.Core.Oracle.Test.csproj", "{EF3403F3-0B48-4327-A708-3E0C873D02EB}"
EndProject
Project("{FAE04EC0-301F-11D3-BF4B-00C04F79EFBC}") = "CC.Product.Website", "CC.Product.Website\CC.Product.Website.csproj", "{F89B5136-B3E2-427A-B27F-0F5C326B423A}"
EndProject
Project("{FAE04EC0-301F-11D3-BF4B-00C04F79EFBC}") = "UnitTest", "Src\UnitTest\UnitTest.csproj", "{01AFCA29-6A74-4570-A523-131D47E3895C}"
EndProject
Global
	GlobalSection(SolutionConfigurationPlatforms) = preSolution
		Debug|Any CPU = Debug|Any CPU
		Debug|ARM = Debug|ARM
		Debug|x64 = Debug|x64
		Debug|x86 = Debug|x86
		Live|Any CPU = Live|Any CPU
		Live|ARM = Live|ARM
		Live|x64 = Live|x64
		Live|x86 = Live|x86
		MonoTouch|Any CPU = MonoTouch|Any CPU
		MonoTouch|ARM = MonoTouch|ARM
		MonoTouch|x64 = MonoTouch|x64
		MonoTouch|x86 = MonoTouch|x86
		Release|Any CPU = Release|Any CPU
		Release|ARM = Release|ARM
		Release|x64 = Release|x64
		Release|x86 = Release|x86
		STATIC_ONLY NO_EXPRESSIONS|Any CPU = STATIC_ONLY NO_EXPRESSIONS|Any CPU
		STATIC_ONLY NO_EXPRESSIONS|ARM = STATIC_ONLY NO_EXPRESSIONS|ARM
		STATIC_ONLY NO_EXPRESSIONS|x64 = STATIC_ONLY NO_EXPRESSIONS|x64
		STATIC_ONLY NO_EXPRESSIONS|x86 = STATIC_ONLY NO_EXPRESSIONS|x86
	EndGlobalSection
	GlobalSection(ProjectConfigurationPlatforms) = postSolution
		{ED2825C8-9C61-4CF2-BC55-0E181F2D27E9}.Debug|Any CPU.ActiveCfg = Debug|Any CPU
		{ED2825C8-9C61-4CF2-BC55-0E181F2D27E9}.Debug|Any CPU.Build.0 = Debug|Any CPU
		{ED2825C8-9C61-4CF2-BC55-0E181F2D27E9}.Debug|ARM.ActiveCfg = Debug|Any CPU
		{ED2825C8-9C61-4CF2-BC55-0E181F2D27E9}.Debug|x64.ActiveCfg = Debug|Any CPU
		{ED2825C8-9C61-4CF2-BC55-0E181F2D27E9}.Debug|x86.ActiveCfg = Debug|Any CPU
		{ED2825C8-9C61-4CF2-BC55-0E181F2D27E9}.Live|Any CPU.ActiveCfg = Live|Any CPU
		{ED2825C8-9C61-4CF2-BC55-0E181F2D27E9}.Live|Any CPU.Build.0 = Live|Any CPU
		{ED2825C8-9C61-4CF2-BC55-0E181F2D27E9}.Live|ARM.ActiveCfg = Live|Any CPU
		{ED2825C8-9C61-4CF2-BC55-0E181F2D27E9}.Live|x64.ActiveCfg = Live|Any CPU
		{ED2825C8-9C61-4CF2-BC55-0E181F2D27E9}.Live|x86.ActiveCfg = Live|Any CPU
		{ED2825C8-9C61-4CF2-BC55-0E181F2D27E9}.MonoTouch|Any CPU.ActiveCfg = Release|Any CPU
		{ED2825C8-9C61-4CF2-BC55-0E181F2D27E9}.MonoTouch|Any CPU.Build.0 = Release|Any CPU
		{ED2825C8-9C61-4CF2-BC55-0E181F2D27E9}.MonoTouch|ARM.ActiveCfg = Release|Any CPU
		{ED2825C8-9C61-4CF2-BC55-0E181F2D27E9}.MonoTouch|x64.ActiveCfg = Release|Any CPU
		{ED2825C8-9C61-4CF2-BC55-0E181F2D27E9}.MonoTouch|x86.ActiveCfg = Release|Any CPU
		{ED2825C8-9C61-4CF2-BC55-0E181F2D27E9}.Release|Any CPU.ActiveCfg = Release|Any CPU
		{ED2825C8-9C61-4CF2-BC55-0E181F2D27E9}.Release|Any CPU.Build.0 = Release|Any CPU
		{ED2825C8-9C61-4CF2-BC55-0E181F2D27E9}.Release|ARM.ActiveCfg = Release|Any CPU
		{ED2825C8-9C61-4CF2-BC55-0E181F2D27E9}.Release|x64.ActiveCfg = Release|Any CPU
		{ED2825C8-9C61-4CF2-BC55-0E181F2D27E9}.Release|x86.ActiveCfg = Release|Any CPU
		{ED2825C8-9C61-4CF2-BC55-0E181F2D27E9}.STATIC_ONLY NO_EXPRESSIONS|Any CPU.ActiveCfg = Release|Any CPU
		{ED2825C8-9C61-4CF2-BC55-0E181F2D27E9}.STATIC_ONLY NO_EXPRESSIONS|Any CPU.Build.0 = Release|Any CPU
		{ED2825C8-9C61-4CF2-BC55-0E181F2D27E9}.STATIC_ONLY NO_EXPRESSIONS|ARM.ActiveCfg = Release|Any CPU
		{ED2825C8-9C61-4CF2-BC55-0E181F2D27E9}.STATIC_ONLY NO_EXPRESSIONS|x64.ActiveCfg = Release|Any CPU
		{ED2825C8-9C61-4CF2-BC55-0E181F2D27E9}.STATIC_ONLY NO_EXPRESSIONS|x86.ActiveCfg = Release|Any CPU
		{31962D40-25A6-46B8-A9BE-0A8E647DFBA4}.Debug|Any CPU.ActiveCfg = Debug|Any CPU
		{31962D40-25A6-46B8-A9BE-0A8E647DFBA4}.Debug|Any CPU.Build.0 = Debug|Any CPU
		{31962D40-25A6-46B8-A9BE-0A8E647DFBA4}.Debug|ARM.ActiveCfg = Debug|Any CPU
		{31962D40-25A6-46B8-A9BE-0A8E647DFBA4}.Debug|x64.ActiveCfg = Debug|Any CPU
		{31962D40-25A6-46B8-A9BE-0A8E647DFBA4}.Debug|x86.ActiveCfg = Debug|Any CPU
		{31962D40-25A6-46B8-A9BE-0A8E647DFBA4}.Live|Any CPU.ActiveCfg = Live|Any CPU
		{31962D40-25A6-46B8-A9BE-0A8E647DFBA4}.Live|Any CPU.Build.0 = Live|Any CPU
		{31962D40-25A6-46B8-A9BE-0A8E647DFBA4}.Live|ARM.ActiveCfg = Live|Any CPU
		{31962D40-25A6-46B8-A9BE-0A8E647DFBA4}.Live|x64.ActiveCfg = Live|Any CPU
		{31962D40-25A6-46B8-A9BE-0A8E647DFBA4}.Live|x86.ActiveCfg = Live|Any CPU
		{31962D40-25A6-46B8-A9BE-0A8E647DFBA4}.MonoTouch|Any CPU.ActiveCfg = Release|Any CPU
		{31962D40-25A6-46B8-A9BE-0A8E647DFBA4}.MonoTouch|Any CPU.Build.0 = Release|Any CPU
		{31962D40-25A6-46B8-A9BE-0A8E647DFBA4}.MonoTouch|ARM.ActiveCfg = Release|Any CPU
		{31962D40-25A6-46B8-A9BE-0A8E647DFBA4}.MonoTouch|x64.ActiveCfg = Release|Any CPU
		{31962D40-25A6-46B8-A9BE-0A8E647DFBA4}.MonoTouch|x86.ActiveCfg = Release|Any CPU
		{31962D40-25A6-46B8-A9BE-0A8E647DFBA4}.Release|Any CPU.ActiveCfg = Release|Any CPU
		{31962D40-25A6-46B8-A9BE-0A8E647DFBA4}.Release|Any CPU.Build.0 = Release|Any CPU
		{31962D40-25A6-46B8-A9BE-0A8E647DFBA4}.Release|ARM.ActiveCfg = Release|Any CPU
		{31962D40-25A6-46B8-A9BE-0A8E647DFBA4}.Release|x64.ActiveCfg = Release|Any CPU
		{31962D40-25A6-46B8-A9BE-0A8E647DFBA4}.Release|x86.ActiveCfg = Release|Any CPU
		{31962D40-25A6-46B8-A9BE-0A8E647DFBA4}.STATIC_ONLY NO_EXPRESSIONS|Any CPU.ActiveCfg = Release|Any CPU
		{31962D40-25A6-46B8-A9BE-0A8E647DFBA4}.STATIC_ONLY NO_EXPRESSIONS|Any CPU.Build.0 = Release|Any CPU
		{31962D40-25A6-46B8-A9BE-0A8E647DFBA4}.STATIC_ONLY NO_EXPRESSIONS|ARM.ActiveCfg = Release|Any CPU
		{31962D40-25A6-46B8-A9BE-0A8E647DFBA4}.STATIC_ONLY NO_EXPRESSIONS|x64.ActiveCfg = Release|Any CPU
		{31962D40-25A6-46B8-A9BE-0A8E647DFBA4}.STATIC_ONLY NO_EXPRESSIONS|x86.ActiveCfg = Release|Any CPU
		{53FF90B2-2D33-4EC0-91B6-A30FDF1B3374}.Debug|Any CPU.ActiveCfg = Debug|Any CPU
		{53FF90B2-2D33-4EC0-91B6-A30FDF1B3374}.Debug|Any CPU.Build.0 = Debug|Any CPU
		{53FF90B2-2D33-4EC0-91B6-A30FDF1B3374}.Debug|ARM.ActiveCfg = Debug|Any CPU
		{53FF90B2-2D33-4EC0-91B6-A30FDF1B3374}.Debug|x64.ActiveCfg = Debug|Any CPU
		{53FF90B2-2D33-4EC0-91B6-A30FDF1B3374}.Debug|x86.ActiveCfg = Debug|Any CPU
		{53FF90B2-2D33-4EC0-91B6-A30FDF1B3374}.Live|Any CPU.ActiveCfg = Release|Any CPU
		{53FF90B2-2D33-4EC0-91B6-A30FDF1B3374}.Live|Any CPU.Build.0 = Release|Any CPU
		{53FF90B2-2D33-4EC0-91B6-A30FDF1B3374}.Live|ARM.ActiveCfg = Release|Any CPU
		{53FF90B2-2D33-4EC0-91B6-A30FDF1B3374}.Live|x64.ActiveCfg = Release|Any CPU
		{53FF90B2-2D33-4EC0-91B6-A30FDF1B3374}.Live|x86.ActiveCfg = Release|Any CPU
		{53FF90B2-2D33-4EC0-91B6-A30FDF1B3374}.MonoTouch|Any CPU.ActiveCfg = Release|Any CPU
		{53FF90B2-2D33-4EC0-91B6-A30FDF1B3374}.MonoTouch|Any CPU.Build.0 = Release|Any CPU
		{53FF90B2-2D33-4EC0-91B6-A30FDF1B3374}.MonoTouch|ARM.ActiveCfg = Release|Any CPU
		{53FF90B2-2D33-4EC0-91B6-A30FDF1B3374}.MonoTouch|x64.ActiveCfg = Release|Any CPU
		{53FF90B2-2D33-4EC0-91B6-A30FDF1B3374}.MonoTouch|x86.ActiveCfg = Release|Any CPU
		{53FF90B2-2D33-4EC0-91B6-A30FDF1B3374}.Release|Any CPU.ActiveCfg = Release|Any CPU
		{53FF90B2-2D33-4EC0-91B6-A30FDF1B3374}.Release|Any CPU.Build.0 = Release|Any CPU
		{53FF90B2-2D33-4EC0-91B6-A30FDF1B3374}.Release|ARM.ActiveCfg = Release|Any CPU
		{53FF90B2-2D33-4EC0-91B6-A30FDF1B3374}.Release|x64.ActiveCfg = Release|Any CPU
		{53FF90B2-2D33-4EC0-91B6-A30FDF1B3374}.Release|x86.ActiveCfg = Release|Any CPU
		{53FF90B2-2D33-4EC0-91B6-A30FDF1B3374}.STATIC_ONLY NO_EXPRESSIONS|Any CPU.ActiveCfg = Release|Any CPU
		{53FF90B2-2D33-4EC0-91B6-A30FDF1B3374}.STATIC_ONLY NO_EXPRESSIONS|Any CPU.Build.0 = Release|Any CPU
		{53FF90B2-2D33-4EC0-91B6-A30FDF1B3374}.STATIC_ONLY NO_EXPRESSIONS|ARM.ActiveCfg = Release|Any CPU
		{53FF90B2-2D33-4EC0-91B6-A30FDF1B3374}.STATIC_ONLY NO_EXPRESSIONS|x64.ActiveCfg = Release|Any CPU
		{53FF90B2-2D33-4EC0-91B6-A30FDF1B3374}.STATIC_ONLY NO_EXPRESSIONS|x86.ActiveCfg = Release|Any CPU
		{FEE405DA-08C4-4840-96CA-49EE941BEA6D}.Debug|Any CPU.ActiveCfg = Debug|Any CPU
		{FEE405DA-08C4-4840-96CA-49EE941BEA6D}.Debug|Any CPU.Build.0 = Debug|Any CPU
		{FEE405DA-08C4-4840-96CA-49EE941BEA6D}.Debug|ARM.ActiveCfg = Debug|Any CPU
		{FEE405DA-08C4-4840-96CA-49EE941BEA6D}.Debug|x64.ActiveCfg = Debug|Any CPU
		{FEE405DA-08C4-4840-96CA-49EE941BEA6D}.Debug|x86.ActiveCfg = Debug|Any CPU
		{FEE405DA-08C4-4840-96CA-49EE941BEA6D}.Live|Any CPU.ActiveCfg = Release|Any CPU
		{FEE405DA-08C4-4840-96CA-49EE941BEA6D}.Live|Any CPU.Build.0 = Release|Any CPU
		{FEE405DA-08C4-4840-96CA-49EE941BEA6D}.Live|ARM.ActiveCfg = Release|Any CPU
		{FEE405DA-08C4-4840-96CA-49EE941BEA6D}.Live|x64.ActiveCfg = Release|Any CPU
		{FEE405DA-08C4-4840-96CA-49EE941BEA6D}.Live|x86.ActiveCfg = Release|Any CPU
		{FEE405DA-08C4-4840-96CA-49EE941BEA6D}.MonoTouch|Any CPU.ActiveCfg = Release|Any CPU
		{FEE405DA-08C4-4840-96CA-49EE941BEA6D}.MonoTouch|Any CPU.Build.0 = Release|Any CPU
		{FEE405DA-08C4-4840-96CA-49EE941BEA6D}.MonoTouch|ARM.ActiveCfg = Release|Any CPU
		{FEE405DA-08C4-4840-96CA-49EE941BEA6D}.MonoTouch|x64.ActiveCfg = Release|Any CPU
		{FEE405DA-08C4-4840-96CA-49EE941BEA6D}.MonoTouch|x86.ActiveCfg = Release|Any CPU
		{FEE405DA-08C4-4840-96CA-49EE941BEA6D}.Release|Any CPU.ActiveCfg = Release|Any CPU
		{FEE405DA-08C4-4840-96CA-49EE941BEA6D}.Release|Any CPU.Build.0 = Release|Any CPU
		{FEE405DA-08C4-4840-96CA-49EE941BEA6D}.Release|ARM.ActiveCfg = Release|Any CPU
		{FEE405DA-08C4-4840-96CA-49EE941BEA6D}.Release|x64.ActiveCfg = Release|Any CPU
		{FEE405DA-08C4-4840-96CA-49EE941BEA6D}.Release|x86.ActiveCfg = Release|Any CPU
		{FEE405DA-08C4-4840-96CA-49EE941BEA6D}.STATIC_ONLY NO_EXPRESSIONS|Any CPU.ActiveCfg = Release|Any CPU
		{FEE405DA-08C4-4840-96CA-49EE941BEA6D}.STATIC_ONLY NO_EXPRESSIONS|Any CPU.Build.0 = Release|Any CPU
		{FEE405DA-08C4-4840-96CA-49EE941BEA6D}.STATIC_ONLY NO_EXPRESSIONS|ARM.ActiveCfg = Release|Any CPU
		{FEE405DA-08C4-4840-96CA-49EE941BEA6D}.STATIC_ONLY NO_EXPRESSIONS|x64.ActiveCfg = Release|Any CPU
		{FEE405DA-08C4-4840-96CA-49EE941BEA6D}.STATIC_ONLY NO_EXPRESSIONS|x86.ActiveCfg = Release|Any CPU
		{C304D56C-E123-4AE4-B681-95F3420E1EE0}.Debug|Any CPU.ActiveCfg = Debug|Any CPU
		{C304D56C-E123-4AE4-B681-95F3420E1EE0}.Debug|Any CPU.Build.0 = Debug|Any CPU
		{C304D56C-E123-4AE4-B681-95F3420E1EE0}.Debug|ARM.ActiveCfg = Debug|Any CPU
		{C304D56C-E123-4AE4-B681-95F3420E1EE0}.Debug|x64.ActiveCfg = Debug|Any CPU
		{C304D56C-E123-4AE4-B681-95F3420E1EE0}.Debug|x86.ActiveCfg = Debug|Any CPU
		{C304D56C-E123-4AE4-B681-95F3420E1EE0}.Live|Any CPU.ActiveCfg = Release|Any CPU
		{C304D56C-E123-4AE4-B681-95F3420E1EE0}.Live|Any CPU.Build.0 = Release|Any CPU
		{C304D56C-E123-4AE4-B681-95F3420E1EE0}.Live|ARM.ActiveCfg = Release|Any CPU
		{C304D56C-E123-4AE4-B681-95F3420E1EE0}.Live|x64.ActiveCfg = Release|Any CPU
		{C304D56C-E123-4AE4-B681-95F3420E1EE0}.Live|x86.ActiveCfg = Release|Any CPU
		{C304D56C-E123-4AE4-B681-95F3420E1EE0}.MonoTouch|Any CPU.ActiveCfg = Release|Any CPU
		{C304D56C-E123-4AE4-B681-95F3420E1EE0}.MonoTouch|Any CPU.Build.0 = Release|Any CPU
		{C304D56C-E123-4AE4-B681-95F3420E1EE0}.MonoTouch|ARM.ActiveCfg = Release|Any CPU
		{C304D56C-E123-4AE4-B681-95F3420E1EE0}.MonoTouch|x64.ActiveCfg = Release|Any CPU
		{C304D56C-E123-4AE4-B681-95F3420E1EE0}.MonoTouch|x86.ActiveCfg = Release|Any CPU
		{C304D56C-E123-4AE4-B681-95F3420E1EE0}.Release|Any CPU.ActiveCfg = Release|Any CPU
		{C304D56C-E123-4AE4-B681-95F3420E1EE0}.Release|Any CPU.Build.0 = Release|Any CPU
		{C304D56C-E123-4AE4-B681-95F3420E1EE0}.Release|ARM.ActiveCfg = Release|Any CPU
		{C304D56C-E123-4AE4-B681-95F3420E1EE0}.Release|x64.ActiveCfg = Release|Any CPU
		{C304D56C-E123-4AE4-B681-95F3420E1EE0}.Release|x86.ActiveCfg = Release|Any CPU
		{C304D56C-E123-4AE4-B681-95F3420E1EE0}.STATIC_ONLY NO_EXPRESSIONS|Any CPU.ActiveCfg = Release|Any CPU
		{C304D56C-E123-4AE4-B681-95F3420E1EE0}.STATIC_ONLY NO_EXPRESSIONS|Any CPU.Build.0 = Release|Any CPU
		{C304D56C-E123-4AE4-B681-95F3420E1EE0}.STATIC_ONLY NO_EXPRESSIONS|ARM.ActiveCfg = Release|Any CPU
		{C304D56C-E123-4AE4-B681-95F3420E1EE0}.STATIC_ONLY NO_EXPRESSIONS|x64.ActiveCfg = Release|Any CPU
		{C304D56C-E123-4AE4-B681-95F3420E1EE0}.STATIC_ONLY NO_EXPRESSIONS|x86.ActiveCfg = Release|Any CPU
		{1ADCD0A3-18BB-4EC6-B03A-B51A411AD811}.Debug|Any CPU.ActiveCfg = Debug|Any CPU
		{1ADCD0A3-18BB-4EC6-B03A-B51A411AD811}.Debug|Any CPU.Build.0 = Debug|Any CPU
		{1ADCD0A3-18BB-4EC6-B03A-B51A411AD811}.Debug|ARM.ActiveCfg = Debug|Any CPU
		{1ADCD0A3-18BB-4EC6-B03A-B51A411AD811}.Debug|x64.ActiveCfg = Debug|Any CPU
		{1ADCD0A3-18BB-4EC6-B03A-B51A411AD811}.Debug|x86.ActiveCfg = Debug|Any CPU
		{1ADCD0A3-18BB-4EC6-B03A-B51A411AD811}.Live|Any CPU.ActiveCfg = Release|Any CPU
		{1ADCD0A3-18BB-4EC6-B03A-B51A411AD811}.Live|Any CPU.Build.0 = Release|Any CPU
		{1ADCD0A3-18BB-4EC6-B03A-B51A411AD811}.Live|ARM.ActiveCfg = Release|Any CPU
		{1ADCD0A3-18BB-4EC6-B03A-B51A411AD811}.Live|x64.ActiveCfg = Release|Any CPU
		{1ADCD0A3-18BB-4EC6-B03A-B51A411AD811}.Live|x86.ActiveCfg = Release|Any CPU
		{1ADCD0A3-18BB-4EC6-B03A-B51A411AD811}.MonoTouch|Any CPU.ActiveCfg = Release|Any CPU
		{1ADCD0A3-18BB-4EC6-B03A-B51A411AD811}.MonoTouch|Any CPU.Build.0 = Release|Any CPU
		{1ADCD0A3-18BB-4EC6-B03A-B51A411AD811}.MonoTouch|ARM.ActiveCfg = Release|Any CPU
		{1ADCD0A3-18BB-4EC6-B03A-B51A411AD811}.MonoTouch|x64.ActiveCfg = Release|Any CPU
		{1ADCD0A3-18BB-4EC6-B03A-B51A411AD811}.MonoTouch|x86.ActiveCfg = Release|Any CPU
		{1ADCD0A3-18BB-4EC6-B03A-B51A411AD811}.Release|Any CPU.ActiveCfg = Release|Any CPU
		{1ADCD0A3-18BB-4EC6-B03A-B51A411AD811}.Release|Any CPU.Build.0 = Release|Any CPU
		{1ADCD0A3-18BB-4EC6-B03A-B51A411AD811}.Release|ARM.ActiveCfg = Release|Any CPU
		{1ADCD0A3-18BB-4EC6-B03A-B51A411AD811}.Release|x64.ActiveCfg = Release|Any CPU
		{1ADCD0A3-18BB-4EC6-B03A-B51A411AD811}.Release|x86.ActiveCfg = Release|Any CPU
		{1ADCD0A3-18BB-4EC6-B03A-B51A411AD811}.STATIC_ONLY NO_EXPRESSIONS|Any CPU.ActiveCfg = Release|Any CPU
		{1ADCD0A3-18BB-4EC6-B03A-B51A411AD811}.STATIC_ONLY NO_EXPRESSIONS|Any CPU.Build.0 = Release|Any CPU
		{1ADCD0A3-18BB-4EC6-B03A-B51A411AD811}.STATIC_ONLY NO_EXPRESSIONS|ARM.ActiveCfg = Release|Any CPU
		{1ADCD0A3-18BB-4EC6-B03A-B51A411AD811}.STATIC_ONLY NO_EXPRESSIONS|x64.ActiveCfg = Release|Any CPU
		{1ADCD0A3-18BB-4EC6-B03A-B51A411AD811}.STATIC_ONLY NO_EXPRESSIONS|x86.ActiveCfg = Release|Any CPU
		{629A3F75-829D-4523-AF8F-D50F105E49C2}.Debug|Any CPU.ActiveCfg = Debug|Any CPU
		{629A3F75-829D-4523-AF8F-D50F105E49C2}.Debug|Any CPU.Build.0 = Debug|Any CPU
		{629A3F75-829D-4523-AF8F-D50F105E49C2}.Debug|ARM.ActiveCfg = Debug|Any CPU
		{629A3F75-829D-4523-AF8F-D50F105E49C2}.Debug|x64.ActiveCfg = Debug|Any CPU
		{629A3F75-829D-4523-AF8F-D50F105E49C2}.Debug|x86.ActiveCfg = Debug|Any CPU
		{629A3F75-829D-4523-AF8F-D50F105E49C2}.Live|Any CPU.ActiveCfg = Release|Any CPU
		{629A3F75-829D-4523-AF8F-D50F105E49C2}.Live|Any CPU.Build.0 = Release|Any CPU
		{629A3F75-829D-4523-AF8F-D50F105E49C2}.Live|ARM.ActiveCfg = Release|Any CPU
		{629A3F75-829D-4523-AF8F-D50F105E49C2}.Live|x64.ActiveCfg = Release|Any CPU
		{629A3F75-829D-4523-AF8F-D50F105E49C2}.Live|x86.ActiveCfg = Release|Any CPU
		{629A3F75-829D-4523-AF8F-D50F105E49C2}.MonoTouch|Any CPU.ActiveCfg = Release|Any CPU
		{629A3F75-829D-4523-AF8F-D50F105E49C2}.MonoTouch|Any CPU.Build.0 = Release|Any CPU
		{629A3F75-829D-4523-AF8F-D50F105E49C2}.MonoTouch|ARM.ActiveCfg = Release|Any CPU
		{629A3F75-829D-4523-AF8F-D50F105E49C2}.MonoTouch|x64.ActiveCfg = Release|Any CPU
		{629A3F75-829D-4523-AF8F-D50F105E49C2}.MonoTouch|x86.ActiveCfg = Release|Any CPU
		{629A3F75-829D-4523-AF8F-D50F105E49C2}.Release|Any CPU.ActiveCfg = Release|Any CPU
		{629A3F75-829D-4523-AF8F-D50F105E49C2}.Release|Any CPU.Build.0 = Release|Any CPU
		{629A3F75-829D-4523-AF8F-D50F105E49C2}.Release|ARM.ActiveCfg = Release|Any CPU
		{629A3F75-829D-4523-AF8F-D50F105E49C2}.Release|x64.ActiveCfg = Release|Any CPU
		{629A3F75-829D-4523-AF8F-D50F105E49C2}.Release|x86.ActiveCfg = Release|Any CPU
		{629A3F75-829D-4523-AF8F-D50F105E49C2}.STATIC_ONLY NO_EXPRESSIONS|Any CPU.ActiveCfg = Release|Any CPU
		{629A3F75-829D-4523-AF8F-D50F105E49C2}.STATIC_ONLY NO_EXPRESSIONS|Any CPU.Build.0 = Release|Any CPU
		{629A3F75-829D-4523-AF8F-D50F105E49C2}.STATIC_ONLY NO_EXPRESSIONS|ARM.ActiveCfg = Release|Any CPU
		{629A3F75-829D-4523-AF8F-D50F105E49C2}.STATIC_ONLY NO_EXPRESSIONS|x64.ActiveCfg = Release|Any CPU
		{629A3F75-829D-4523-AF8F-D50F105E49C2}.STATIC_ONLY NO_EXPRESSIONS|x86.ActiveCfg = Release|Any CPU
		{6E6FA9CB-057A-440E-B8B6-933828BFEA97}.Debug|Any CPU.ActiveCfg = Debug|Any CPU
		{6E6FA9CB-057A-440E-B8B6-933828BFEA97}.Debug|Any CPU.Build.0 = Debug|Any CPU
		{6E6FA9CB-057A-440E-B8B6-933828BFEA97}.Debug|ARM.ActiveCfg = Debug|Any CPU
		{6E6FA9CB-057A-440E-B8B6-933828BFEA97}.Debug|x64.ActiveCfg = Debug|Any CPU
		{6E6FA9CB-057A-440E-B8B6-933828BFEA97}.Debug|x86.ActiveCfg = Debug|Any CPU
		{6E6FA9CB-057A-440E-B8B6-933828BFEA97}.Live|Any CPU.ActiveCfg = Release|Any CPU
		{6E6FA9CB-057A-440E-B8B6-933828BFEA97}.Live|Any CPU.Build.0 = Release|Any CPU
		{6E6FA9CB-057A-440E-B8B6-933828BFEA97}.Live|ARM.ActiveCfg = Release|Any CPU
		{6E6FA9CB-057A-440E-B8B6-933828BFEA97}.Live|x64.ActiveCfg = Release|Any CPU
		{6E6FA9CB-057A-440E-B8B6-933828BFEA97}.Live|x86.ActiveCfg = Release|Any CPU
		{6E6FA9CB-057A-440E-B8B6-933828BFEA97}.MonoTouch|Any CPU.ActiveCfg = Release|Any CPU
		{6E6FA9CB-057A-440E-B8B6-933828BFEA97}.MonoTouch|Any CPU.Build.0 = Release|Any CPU
		{6E6FA9CB-057A-440E-B8B6-933828BFEA97}.MonoTouch|ARM.ActiveCfg = Release|Any CPU
		{6E6FA9CB-057A-440E-B8B6-933828BFEA97}.MonoTouch|x64.ActiveCfg = Release|Any CPU
		{6E6FA9CB-057A-440E-B8B6-933828BFEA97}.MonoTouch|x86.ActiveCfg = Release|Any CPU
		{6E6FA9CB-057A-440E-B8B6-933828BFEA97}.Release|Any CPU.ActiveCfg = Release|Any CPU
		{6E6FA9CB-057A-440E-B8B6-933828BFEA97}.Release|Any CPU.Build.0 = Release|Any CPU
		{6E6FA9CB-057A-440E-B8B6-933828BFEA97}.Release|ARM.ActiveCfg = Release|Any CPU
		{6E6FA9CB-057A-440E-B8B6-933828BFEA97}.Release|x64.ActiveCfg = Release|Any CPU
		{6E6FA9CB-057A-440E-B8B6-933828BFEA97}.Release|x86.ActiveCfg = Release|Any CPU
		{6E6FA9CB-057A-440E-B8B6-933828BFEA97}.STATIC_ONLY NO_EXPRESSIONS|Any CPU.ActiveCfg = Release|Any CPU
		{6E6FA9CB-057A-440E-B8B6-933828BFEA97}.STATIC_ONLY NO_EXPRESSIONS|Any CPU.Build.0 = Release|Any CPU
		{6E6FA9CB-057A-440E-B8B6-933828BFEA97}.STATIC_ONLY NO_EXPRESSIONS|ARM.ActiveCfg = Release|Any CPU
		{6E6FA9CB-057A-440E-B8B6-933828BFEA97}.STATIC_ONLY NO_EXPRESSIONS|x64.ActiveCfg = Release|Any CPU
		{6E6FA9CB-057A-440E-B8B6-933828BFEA97}.STATIC_ONLY NO_EXPRESSIONS|x86.ActiveCfg = Release|Any CPU
		{240C6FD3-BFEA-42F0-8A5C-D7615F4E278E}.Debug|Any CPU.ActiveCfg = Debug|Any CPU
		{240C6FD3-BFEA-42F0-8A5C-D7615F4E278E}.Debug|Any CPU.Build.0 = Debug|Any CPU
		{240C6FD3-BFEA-42F0-8A5C-D7615F4E278E}.Debug|ARM.ActiveCfg = Debug|Any CPU
		{240C6FD3-BFEA-42F0-8A5C-D7615F4E278E}.Debug|x64.ActiveCfg = Debug|Any CPU
		{240C6FD3-BFEA-42F0-8A5C-D7615F4E278E}.Debug|x86.ActiveCfg = Debug|Any CPU
		{240C6FD3-BFEA-42F0-8A5C-D7615F4E278E}.Live|Any CPU.ActiveCfg = Live|Any CPU
		{240C6FD3-BFEA-42F0-8A5C-D7615F4E278E}.Live|Any CPU.Build.0 = Live|Any CPU
		{240C6FD3-BFEA-42F0-8A5C-D7615F4E278E}.Live|ARM.ActiveCfg = Live|Any CPU
		{240C6FD3-BFEA-42F0-8A5C-D7615F4E278E}.Live|x64.ActiveCfg = Live|Any CPU
		{240C6FD3-BFEA-42F0-8A5C-D7615F4E278E}.Live|x86.ActiveCfg = Live|Any CPU
		{240C6FD3-BFEA-42F0-8A5C-D7615F4E278E}.MonoTouch|Any CPU.ActiveCfg = Live|Any CPU
		{240C6FD3-BFEA-42F0-8A5C-D7615F4E278E}.MonoTouch|Any CPU.Build.0 = Live|Any CPU
		{240C6FD3-BFEA-42F0-8A5C-D7615F4E278E}.MonoTouch|ARM.ActiveCfg = Live|Any CPU
		{240C6FD3-BFEA-42F0-8A5C-D7615F4E278E}.MonoTouch|x64.ActiveCfg = Live|Any CPU
		{240C6FD3-BFEA-42F0-8A5C-D7615F4E278E}.MonoTouch|x86.ActiveCfg = Live|Any CPU
		{240C6FD3-BFEA-42F0-8A5C-D7615F4E278E}.Release|Any CPU.ActiveCfg = Release|Any CPU
		{240C6FD3-BFEA-42F0-8A5C-D7615F4E278E}.Release|Any CPU.Build.0 = Release|Any CPU
		{240C6FD3-BFEA-42F0-8A5C-D7615F4E278E}.Release|ARM.ActiveCfg = Release|Any CPU
		{240C6FD3-BFEA-42F0-8A5C-D7615F4E278E}.Release|x64.ActiveCfg = Release|Any CPU
		{240C6FD3-BFEA-42F0-8A5C-D7615F4E278E}.Release|x86.ActiveCfg = Release|Any CPU
		{240C6FD3-BFEA-42F0-8A5C-D7615F4E278E}.STATIC_ONLY NO_EXPRESSIONS|Any CPU.ActiveCfg = Live|Any CPU
		{240C6FD3-BFEA-42F0-8A5C-D7615F4E278E}.STATIC_ONLY NO_EXPRESSIONS|Any CPU.Build.0 = Live|Any CPU
		{240C6FD3-BFEA-42F0-8A5C-D7615F4E278E}.STATIC_ONLY NO_EXPRESSIONS|ARM.ActiveCfg = Live|Any CPU
		{240C6FD3-BFEA-42F0-8A5C-D7615F4E278E}.STATIC_ONLY NO_EXPRESSIONS|x64.ActiveCfg = Live|Any CPU
		{240C6FD3-BFEA-42F0-8A5C-D7615F4E278E}.STATIC_ONLY NO_EXPRESSIONS|x86.ActiveCfg = Live|Any CPU
		{E3F95DFF-1613-4AA2-B26B-479A7650AAF4}.Debug|Any CPU.ActiveCfg = Debug|Any CPU
		{E3F95DFF-1613-4AA2-B26B-479A7650AAF4}.Debug|Any CPU.Build.0 = Debug|Any CPU
		{E3F95DFF-1613-4AA2-B26B-479A7650AAF4}.Debug|ARM.ActiveCfg = Debug|Any CPU
		{E3F95DFF-1613-4AA2-B26B-479A7650AAF4}.Debug|x64.ActiveCfg = Debug|Any CPU
		{E3F95DFF-1613-4AA2-B26B-479A7650AAF4}.Debug|x86.ActiveCfg = Debug|Any CPU
		{E3F95DFF-1613-4AA2-B26B-479A7650AAF4}.Live|Any CPU.ActiveCfg = Live|Any CPU
		{E3F95DFF-1613-4AA2-B26B-479A7650AAF4}.Live|Any CPU.Build.0 = Live|Any CPU
		{E3F95DFF-1613-4AA2-B26B-479A7650AAF4}.Live|ARM.ActiveCfg = Live|Any CPU
		{E3F95DFF-1613-4AA2-B26B-479A7650AAF4}.Live|x64.ActiveCfg = Live|Any CPU
		{E3F95DFF-1613-4AA2-B26B-479A7650AAF4}.Live|x86.ActiveCfg = Live|Any CPU
		{E3F95DFF-1613-4AA2-B26B-479A7650AAF4}.MonoTouch|Any CPU.ActiveCfg = Live|Any CPU
		{E3F95DFF-1613-4AA2-B26B-479A7650AAF4}.MonoTouch|Any CPU.Build.0 = Live|Any CPU
		{E3F95DFF-1613-4AA2-B26B-479A7650AAF4}.MonoTouch|ARM.ActiveCfg = Live|Any CPU
		{E3F95DFF-1613-4AA2-B26B-479A7650AAF4}.MonoTouch|x64.ActiveCfg = Live|Any CPU
		{E3F95DFF-1613-4AA2-B26B-479A7650AAF4}.MonoTouch|x86.ActiveCfg = Live|Any CPU
		{E3F95DFF-1613-4AA2-B26B-479A7650AAF4}.Release|Any CPU.ActiveCfg = Release|Any CPU
		{E3F95DFF-1613-4AA2-B26B-479A7650AAF4}.Release|Any CPU.Build.0 = Release|Any CPU
		{E3F95DFF-1613-4AA2-B26B-479A7650AAF4}.Release|ARM.ActiveCfg = Release|Any CPU
		{E3F95DFF-1613-4AA2-B26B-479A7650AAF4}.Release|x64.ActiveCfg = Release|Any CPU
		{E3F95DFF-1613-4AA2-B26B-479A7650AAF4}.Release|x86.ActiveCfg = Release|Any CPU
		{E3F95DFF-1613-4AA2-B26B-479A7650AAF4}.STATIC_ONLY NO_EXPRESSIONS|Any CPU.ActiveCfg = Live|Any CPU
		{E3F95DFF-1613-4AA2-B26B-479A7650AAF4}.STATIC_ONLY NO_EXPRESSIONS|Any CPU.Build.0 = Live|Any CPU
		{E3F95DFF-1613-4AA2-B26B-479A7650AAF4}.STATIC_ONLY NO_EXPRESSIONS|ARM.ActiveCfg = Live|Any CPU
		{E3F95DFF-1613-4AA2-B26B-479A7650AAF4}.STATIC_ONLY NO_EXPRESSIONS|x64.ActiveCfg = Live|Any CPU
		{E3F95DFF-1613-4AA2-B26B-479A7650AAF4}.STATIC_ONLY NO_EXPRESSIONS|x86.ActiveCfg = Live|Any CPU
		{AE6D64CB-E114-4843-A1A7-9184D98D0A74}.Debug|Any CPU.ActiveCfg = Debug|Any CPU
		{AE6D64CB-E114-4843-A1A7-9184D98D0A74}.Debug|Any CPU.Build.0 = Debug|Any CPU
		{AE6D64CB-E114-4843-A1A7-9184D98D0A74}.Debug|ARM.ActiveCfg = Debug|Any CPU
		{AE6D64CB-E114-4843-A1A7-9184D98D0A74}.Debug|x64.ActiveCfg = Debug|Any CPU
		{AE6D64CB-E114-4843-A1A7-9184D98D0A74}.Debug|x86.ActiveCfg = Debug|Any CPU
		{AE6D64CB-E114-4843-A1A7-9184D98D0A74}.Live|Any CPU.ActiveCfg = Live|Any CPU
		{AE6D64CB-E114-4843-A1A7-9184D98D0A74}.Live|Any CPU.Build.0 = Live|Any CPU
		{AE6D64CB-E114-4843-A1A7-9184D98D0A74}.Live|ARM.ActiveCfg = Live|Any CPU
		{AE6D64CB-E114-4843-A1A7-9184D98D0A74}.Live|x64.ActiveCfg = Live|Any CPU
		{AE6D64CB-E114-4843-A1A7-9184D98D0A74}.Live|x86.ActiveCfg = Live|Any CPU
		{AE6D64CB-E114-4843-A1A7-9184D98D0A74}.MonoTouch|Any CPU.ActiveCfg = Live|Any CPU
		{AE6D64CB-E114-4843-A1A7-9184D98D0A74}.MonoTouch|Any CPU.Build.0 = Live|Any CPU
		{AE6D64CB-E114-4843-A1A7-9184D98D0A74}.MonoTouch|ARM.ActiveCfg = Live|Any CPU
		{AE6D64CB-E114-4843-A1A7-9184D98D0A74}.MonoTouch|x64.ActiveCfg = Live|Any CPU
		{AE6D64CB-E114-4843-A1A7-9184D98D0A74}.MonoTouch|x86.ActiveCfg = Live|Any CPU
		{AE6D64CB-E114-4843-A1A7-9184D98D0A74}.Release|Any CPU.ActiveCfg = Release|Any CPU
		{AE6D64CB-E114-4843-A1A7-9184D98D0A74}.Release|Any CPU.Build.0 = Release|Any CPU
		{AE6D64CB-E114-4843-A1A7-9184D98D0A74}.Release|ARM.ActiveCfg = Release|Any CPU
		{AE6D64CB-E114-4843-A1A7-9184D98D0A74}.Release|x64.ActiveCfg = Release|Any CPU
		{AE6D64CB-E114-4843-A1A7-9184D98D0A74}.Release|x86.ActiveCfg = Release|Any CPU
		{AE6D64CB-E114-4843-A1A7-9184D98D0A74}.STATIC_ONLY NO_EXPRESSIONS|Any CPU.ActiveCfg = Live|Any CPU
		{AE6D64CB-E114-4843-A1A7-9184D98D0A74}.STATIC_ONLY NO_EXPRESSIONS|Any CPU.Build.0 = Live|Any CPU
		{AE6D64CB-E114-4843-A1A7-9184D98D0A74}.STATIC_ONLY NO_EXPRESSIONS|ARM.ActiveCfg = Live|Any CPU
		{AE6D64CB-E114-4843-A1A7-9184D98D0A74}.STATIC_ONLY NO_EXPRESSIONS|x64.ActiveCfg = Live|Any CPU
		{AE6D64CB-E114-4843-A1A7-9184D98D0A74}.STATIC_ONLY NO_EXPRESSIONS|x86.ActiveCfg = Live|Any CPU
		{EDECAC79-55BC-4AA9-A08B-9FE143D825D0}.Debug|Any CPU.ActiveCfg = Debug|Any CPU
		{EDECAC79-55BC-4AA9-A08B-9FE143D825D0}.Debug|Any CPU.Build.0 = Debug|Any CPU
		{EDECAC79-55BC-4AA9-A08B-9FE143D825D0}.Debug|ARM.ActiveCfg = Debug|Any CPU
		{EDECAC79-55BC-4AA9-A08B-9FE143D825D0}.Debug|x64.ActiveCfg = Debug|Any CPU
		{EDECAC79-55BC-4AA9-A08B-9FE143D825D0}.Debug|x86.ActiveCfg = Debug|Any CPU
		{EDECAC79-55BC-4AA9-A08B-9FE143D825D0}.Live|Any CPU.ActiveCfg = Live|Any CPU
		{EDECAC79-55BC-4AA9-A08B-9FE143D825D0}.Live|Any CPU.Build.0 = Live|Any CPU
		{EDECAC79-55BC-4AA9-A08B-9FE143D825D0}.Live|ARM.ActiveCfg = Live|Any CPU
		{EDECAC79-55BC-4AA9-A08B-9FE143D825D0}.Live|x64.ActiveCfg = Live|Any CPU
		{EDECAC79-55BC-4AA9-A08B-9FE143D825D0}.Live|x86.ActiveCfg = Live|Any CPU
		{EDECAC79-55BC-4AA9-A08B-9FE143D825D0}.MonoTouch|Any CPU.ActiveCfg = Live|Any CPU
		{EDECAC79-55BC-4AA9-A08B-9FE143D825D0}.MonoTouch|Any CPU.Build.0 = Live|Any CPU
		{EDECAC79-55BC-4AA9-A08B-9FE143D825D0}.MonoTouch|ARM.ActiveCfg = Live|Any CPU
		{EDECAC79-55BC-4AA9-A08B-9FE143D825D0}.MonoTouch|x64.ActiveCfg = Live|Any CPU
		{EDECAC79-55BC-4AA9-A08B-9FE143D825D0}.MonoTouch|x86.ActiveCfg = Live|Any CPU
		{EDECAC79-55BC-4AA9-A08B-9FE143D825D0}.Release|Any CPU.ActiveCfg = Release|Any CPU
		{EDECAC79-55BC-4AA9-A08B-9FE143D825D0}.Release|Any CPU.Build.0 = Release|Any CPU
		{EDECAC79-55BC-4AA9-A08B-9FE143D825D0}.Release|ARM.ActiveCfg = Release|Any CPU
		{EDECAC79-55BC-4AA9-A08B-9FE143D825D0}.Release|x64.ActiveCfg = Release|Any CPU
		{EDECAC79-55BC-4AA9-A08B-9FE143D825D0}.Release|x86.ActiveCfg = Release|Any CPU
		{EDECAC79-55BC-4AA9-A08B-9FE143D825D0}.STATIC_ONLY NO_EXPRESSIONS|Any CPU.ActiveCfg = Live|Any CPU
		{EDECAC79-55BC-4AA9-A08B-9FE143D825D0}.STATIC_ONLY NO_EXPRESSIONS|Any CPU.Build.0 = Live|Any CPU
		{EDECAC79-55BC-4AA9-A08B-9FE143D825D0}.STATIC_ONLY NO_EXPRESSIONS|ARM.ActiveCfg = Live|Any CPU
		{EDECAC79-55BC-4AA9-A08B-9FE143D825D0}.STATIC_ONLY NO_EXPRESSIONS|x64.ActiveCfg = Live|Any CPU
		{EDECAC79-55BC-4AA9-A08B-9FE143D825D0}.STATIC_ONLY NO_EXPRESSIONS|x86.ActiveCfg = Live|Any CPU
		{6ADEE563-2C9D-4A87-B33B-C815280C36A4}.Debug|Any CPU.ActiveCfg = Debug|Any CPU
		{6ADEE563-2C9D-4A87-B33B-C815280C36A4}.Debug|Any CPU.Build.0 = Debug|Any CPU
		{6ADEE563-2C9D-4A87-B33B-C815280C36A4}.Debug|ARM.ActiveCfg = Debug|Any CPU
		{6ADEE563-2C9D-4A87-B33B-C815280C36A4}.Debug|x64.ActiveCfg = Debug|Any CPU
		{6ADEE563-2C9D-4A87-B33B-C815280C36A4}.Debug|x86.ActiveCfg = Debug|Any CPU
		{6ADEE563-2C9D-4A87-B33B-C815280C36A4}.Live|Any CPU.ActiveCfg = Live|Any CPU
		{6ADEE563-2C9D-4A87-B33B-C815280C36A4}.Live|Any CPU.Build.0 = Live|Any CPU
		{6ADEE563-2C9D-4A87-B33B-C815280C36A4}.Live|ARM.ActiveCfg = Live|Any CPU
		{6ADEE563-2C9D-4A87-B33B-C815280C36A4}.Live|x64.ActiveCfg = Live|Any CPU
		{6ADEE563-2C9D-4A87-B33B-C815280C36A4}.Live|x86.ActiveCfg = Live|Any CPU
		{6ADEE563-2C9D-4A87-B33B-C815280C36A4}.MonoTouch|Any CPU.ActiveCfg = Live|Any CPU
		{6ADEE563-2C9D-4A87-B33B-C815280C36A4}.MonoTouch|Any CPU.Build.0 = Live|Any CPU
		{6ADEE563-2C9D-4A87-B33B-C815280C36A4}.MonoTouch|ARM.ActiveCfg = Live|Any CPU
		{6ADEE563-2C9D-4A87-B33B-C815280C36A4}.MonoTouch|x64.ActiveCfg = Live|Any CPU
		{6ADEE563-2C9D-4A87-B33B-C815280C36A4}.MonoTouch|x86.ActiveCfg = Live|Any CPU
		{6ADEE563-2C9D-4A87-B33B-C815280C36A4}.Release|Any CPU.ActiveCfg = Release|Any CPU
		{6ADEE563-2C9D-4A87-B33B-C815280C36A4}.Release|Any CPU.Build.0 = Release|Any CPU
		{6ADEE563-2C9D-4A87-B33B-C815280C36A4}.Release|ARM.ActiveCfg = Release|Any CPU
		{6ADEE563-2C9D-4A87-B33B-C815280C36A4}.Release|x64.ActiveCfg = Release|Any CPU
		{6ADEE563-2C9D-4A87-B33B-C815280C36A4}.Release|x86.ActiveCfg = Release|Any CPU
		{6ADEE563-2C9D-4A87-B33B-C815280C36A4}.STATIC_ONLY NO_EXPRESSIONS|Any CPU.ActiveCfg = Live|Any CPU
		{6ADEE563-2C9D-4A87-B33B-C815280C36A4}.STATIC_ONLY NO_EXPRESSIONS|Any CPU.Build.0 = Live|Any CPU
		{6ADEE563-2C9D-4A87-B33B-C815280C36A4}.STATIC_ONLY NO_EXPRESSIONS|ARM.ActiveCfg = Live|Any CPU
		{6ADEE563-2C9D-4A87-B33B-C815280C36A4}.STATIC_ONLY NO_EXPRESSIONS|x64.ActiveCfg = Live|Any CPU
		{6ADEE563-2C9D-4A87-B33B-C815280C36A4}.STATIC_ONLY NO_EXPRESSIONS|x86.ActiveCfg = Live|Any CPU
		{EF3403F3-0B48-4327-A708-3E0C873D02EB}.Debug|Any CPU.ActiveCfg = Debug|Any CPU
		{EF3403F3-0B48-4327-A708-3E0C873D02EB}.Debug|Any CPU.Build.0 = Debug|Any CPU
		{EF3403F3-0B48-4327-A708-3E0C873D02EB}.Debug|ARM.ActiveCfg = Debug|Any CPU
		{EF3403F3-0B48-4327-A708-3E0C873D02EB}.Debug|x64.ActiveCfg = Debug|Any CPU
		{EF3403F3-0B48-4327-A708-3E0C873D02EB}.Debug|x86.ActiveCfg = Debug|Any CPU
		{EF3403F3-0B48-4327-A708-3E0C873D02EB}.Live|Any CPU.ActiveCfg = Release|Any CPU
		{EF3403F3-0B48-4327-A708-3E0C873D02EB}.Live|Any CPU.Build.0 = Release|Any CPU
		{EF3403F3-0B48-4327-A708-3E0C873D02EB}.Live|ARM.ActiveCfg = Release|Any CPU
		{EF3403F3-0B48-4327-A708-3E0C873D02EB}.Live|x64.ActiveCfg = Release|Any CPU
		{EF3403F3-0B48-4327-A708-3E0C873D02EB}.Live|x86.ActiveCfg = Release|Any CPU
		{EF3403F3-0B48-4327-A708-3E0C873D02EB}.MonoTouch|Any CPU.ActiveCfg = Release|Any CPU
		{EF3403F3-0B48-4327-A708-3E0C873D02EB}.MonoTouch|Any CPU.Build.0 = Release|Any CPU
		{EF3403F3-0B48-4327-A708-3E0C873D02EB}.MonoTouch|ARM.ActiveCfg = Release|Any CPU
		{EF3403F3-0B48-4327-A708-3E0C873D02EB}.MonoTouch|x64.ActiveCfg = Release|Any CPU
		{EF3403F3-0B48-4327-A708-3E0C873D02EB}.MonoTouch|x86.ActiveCfg = Release|Any CPU
		{EF3403F3-0B48-4327-A708-3E0C873D02EB}.Release|Any CPU.ActiveCfg = Release|Any CPU
		{EF3403F3-0B48-4327-A708-3E0C873D02EB}.Release|Any CPU.Build.0 = Release|Any CPU
		{EF3403F3-0B48-4327-A708-3E0C873D02EB}.Release|ARM.ActiveCfg = Release|Any CPU
		{EF3403F3-0B48-4327-A708-3E0C873D02EB}.Release|x64.ActiveCfg = Release|Any CPU
		{EF3403F3-0B48-4327-A708-3E0C873D02EB}.Release|x86.ActiveCfg = Release|Any CPU
		{EF3403F3-0B48-4327-A708-3E0C873D02EB}.STATIC_ONLY NO_EXPRESSIONS|Any CPU.ActiveCfg = Release|Any CPU
		{EF3403F3-0B48-4327-A708-3E0C873D02EB}.STATIC_ONLY NO_EXPRESSIONS|Any CPU.Build.0 = Release|Any CPU
		{EF3403F3-0B48-4327-A708-3E0C873D02EB}.STATIC_ONLY NO_EXPRESSIONS|ARM.ActiveCfg = Release|Any CPU
		{EF3403F3-0B48-4327-A708-3E0C873D02EB}.STATIC_ONLY NO_EXPRESSIONS|x64.ActiveCfg = Release|Any CPU
		{EF3403F3-0B48-4327-A708-3E0C873D02EB}.STATIC_ONLY NO_EXPRESSIONS|x86.ActiveCfg = Release|Any CPU
		{F89B5136-B3E2-427A-B27F-0F5C326B423A}.Debug|Any CPU.ActiveCfg = Debug|Any CPU
		{F89B5136-B3E2-427A-B27F-0F5C326B423A}.Debug|Any CPU.Build.0 = Debug|Any CPU
		{F89B5136-B3E2-427A-B27F-0F5C326B423A}.Debug|ARM.ActiveCfg = Debug|Any CPU
		{F89B5136-B3E2-427A-B27F-0F5C326B423A}.Debug|x64.ActiveCfg = Debug|Any CPU
		{F89B5136-B3E2-427A-B27F-0F5C326B423A}.Debug|x86.ActiveCfg = Debug|Any CPU
		{F89B5136-B3E2-427A-B27F-0F5C326B423A}.Live|Any CPU.ActiveCfg = Release|Any CPU
		{F89B5136-B3E2-427A-B27F-0F5C326B423A}.Live|Any CPU.Build.0 = Release|Any CPU
		{F89B5136-B3E2-427A-B27F-0F5C326B423A}.Live|ARM.ActiveCfg = Release|Any CPU
		{F89B5136-B3E2-427A-B27F-0F5C326B423A}.Live|x64.ActiveCfg = Release|Any CPU
		{F89B5136-B3E2-427A-B27F-0F5C326B423A}.Live|x86.ActiveCfg = Release|Any CPU
		{F89B5136-B3E2-427A-B27F-0F5C326B423A}.MonoTouch|Any CPU.ActiveCfg = Release|Any CPU
		{F89B5136-B3E2-427A-B27F-0F5C326B423A}.MonoTouch|Any CPU.Build.0 = Release|Any CPU
		{F89B5136-B3E2-427A-B27F-0F5C326B423A}.MonoTouch|ARM.ActiveCfg = Release|Any CPU
		{F89B5136-B3E2-427A-B27F-0F5C326B423A}.MonoTouch|x64.ActiveCfg = Release|Any CPU
		{F89B5136-B3E2-427A-B27F-0F5C326B423A}.MonoTouch|x86.ActiveCfg = Release|Any CPU
		{F89B5136-B3E2-427A-B27F-0F5C326B423A}.Release|Any CPU.ActiveCfg = Release|Any CPU
		{F89B5136-B3E2-427A-B27F-0F5C326B423A}.Release|Any CPU.Build.0 = Release|Any CPU
		{F89B5136-B3E2-427A-B27F-0F5C326B423A}.Release|ARM.ActiveCfg = Release|Any CPU
		{F89B5136-B3E2-427A-B27F-0F5C326B423A}.Release|x64.ActiveCfg = Release|Any CPU
		{F89B5136-B3E2-427A-B27F-0F5C326B423A}.Release|x86.ActiveCfg = Release|Any CPU
		{F89B5136-B3E2-427A-B27F-0F5C326B423A}.STATIC_ONLY NO_EXPRESSIONS|Any CPU.ActiveCfg = Release|Any CPU
		{F89B5136-B3E2-427A-B27F-0F5C326B423A}.STATIC_ONLY NO_EXPRESSIONS|Any CPU.Build.0 = Release|Any CPU
		{F89B5136-B3E2-427A-B27F-0F5C326B423A}.STATIC_ONLY NO_EXPRESSIONS|ARM.ActiveCfg = Release|Any CPU
		{F89B5136-B3E2-427A-B27F-0F5C326B423A}.STATIC_ONLY NO_EXPRESSIONS|x64.ActiveCfg = Release|Any CPU
		{F89B5136-B3E2-427A-B27F-0F5C326B423A}.STATIC_ONLY NO_EXPRESSIONS|x86.ActiveCfg = Release|Any CPU
		{01AFCA29-6A74-4570-A523-131D47E3895C}.Debug|Any CPU.ActiveCfg = Debug|Any CPU
		{01AFCA29-6A74-4570-A523-131D47E3895C}.Debug|Any CPU.Build.0 = Debug|Any CPU
		{01AFCA29-6A74-4570-A523-131D47E3895C}.Debug|ARM.ActiveCfg = Debug|Any CPU
		{01AFCA29-6A74-4570-A523-131D47E3895C}.Debug|x64.ActiveCfg = Debug|Any CPU
		{01AFCA29-6A74-4570-A523-131D47E3895C}.Debug|x86.ActiveCfg = Debug|Any CPU
		{01AFCA29-6A74-4570-A523-131D47E3895C}.Live|Any CPU.ActiveCfg = Release|Any CPU
		{01AFCA29-6A74-4570-A523-131D47E3895C}.Live|Any CPU.Build.0 = Release|Any CPU
		{01AFCA29-6A74-4570-A523-131D47E3895C}.Live|ARM.ActiveCfg = Release|Any CPU
		{01AFCA29-6A74-4570-A523-131D47E3895C}.Live|x64.ActiveCfg = Release|Any CPU
		{01AFCA29-6A74-4570-A523-131D47E3895C}.Live|x86.ActiveCfg = Release|Any CPU
		{01AFCA29-6A74-4570-A523-131D47E3895C}.MonoTouch|Any CPU.ActiveCfg = Release|Any CPU
		{01AFCA29-6A74-4570-A523-131D47E3895C}.MonoTouch|Any CPU.Build.0 = Release|Any CPU
		{01AFCA29-6A74-4570-A523-131D47E3895C}.MonoTouch|ARM.ActiveCfg = Release|Any CPU
		{01AFCA29-6A74-4570-A523-131D47E3895C}.MonoTouch|x64.ActiveCfg = Release|Any CPU
		{01AFCA29-6A74-4570-A523-131D47E3895C}.MonoTouch|x86.ActiveCfg = Release|Any CPU
		{01AFCA29-6A74-4570-A523-131D47E3895C}.Release|Any CPU.ActiveCfg = Release|Any CPU
		{01AFCA29-6A74-4570-A523-131D47E3895C}.Release|Any CPU.Build.0 = Release|Any CPU
		{01AFCA29-6A74-4570-A523-131D47E3895C}.Release|ARM.ActiveCfg = Release|Any CPU
		{01AFCA29-6A74-4570-A523-131D47E3895C}.Release|x64.ActiveCfg = Release|Any CPU
		{01AFCA29-6A74-4570-A523-131D47E3895C}.Release|x86.ActiveCfg = Release|Any CPU
		{01AFCA29-6A74-4570-A523-131D47E3895C}.STATIC_ONLY NO_EXPRESSIONS|Any CPU.ActiveCfg = Release|Any CPU
		{01AFCA29-6A74-4570-A523-131D47E3895C}.STATIC_ONLY NO_EXPRESSIONS|Any CPU.Build.0 = Release|Any CPU
		{01AFCA29-6A74-4570-A523-131D47E3895C}.STATIC_ONLY NO_EXPRESSIONS|ARM.ActiveCfg = Release|Any CPU
		{01AFCA29-6A74-4570-A523-131D47E3895C}.STATIC_ONLY NO_EXPRESSIONS|x64.ActiveCfg = Release|Any CPU
		{01AFCA29-6A74-4570-A523-131D47E3895C}.STATIC_ONLY NO_EXPRESSIONS|x86.ActiveCfg = Release|Any CPU
	EndGlobalSection
	GlobalSection(SolutionProperties) = preSolution
		HideSolutionNode = FALSE
	EndGlobalSection
	GlobalSection(NestedProjects) = preSolution
		{ED2825C8-9C61-4CF2-BC55-0E181F2D27E9} = {32AC3171-B33A-42AE-BF8F-9AB8D19E8CFE}
		{31962D40-25A6-46B8-A9BE-0A8E647DFBA4} = {5F212AEB-E122-458E-9246-3526A89C10C2}
		{53FF90B2-2D33-4EC0-91B6-A30FDF1B3374} = {5F212AEB-E122-458E-9246-3526A89C10C2}
		{FEE405DA-08C4-4840-96CA-49EE941BEA6D} = {6F794559-785A-4FCB-8868-225C2AE9D08E}
		{C304D56C-E123-4AE4-B681-95F3420E1EE0} = {9E843024-AE9B-487B-88C7-FCD07BF64B7E}
		{1ADCD0A3-18BB-4EC6-B03A-B51A411AD811} = {9E843024-AE9B-487B-88C7-FCD07BF64B7E}
		{629A3F75-829D-4523-AF8F-D50F105E49C2} = {9E843024-AE9B-487B-88C7-FCD07BF64B7E}
		{6E6FA9CB-057A-440E-B8B6-933828BFEA97} = {D45072C3-8BD7-4CD5-9DE0-4502420FE14A}
		{240C6FD3-BFEA-42F0-8A5C-D7615F4E278E} = {C945A59B-3BEF-414E-AC6B-E460B67E6BB2}
		{E3F95DFF-1613-4AA2-B26B-479A7650AAF4} = {C7C0DA84-AEA9-4276-BA65-9E8B74AB641F}
		{AE6D64CB-E114-4843-A1A7-9184D98D0A74} = {5F212AEB-E122-458E-9246-3526A89C10C2}
		{EDECAC79-55BC-4AA9-A08B-9FE143D825D0} = {5F212AEB-E122-458E-9246-3526A89C10C2}
		{32AC3171-B33A-42AE-BF8F-9AB8D19E8CFE} = {6F794559-785A-4FCB-8868-225C2AE9D08E}
		{C7C0DA84-AEA9-4276-BA65-9E8B74AB641F} = {6F794559-785A-4FCB-8868-225C2AE9D08E}
		{5F212AEB-E122-458E-9246-3526A89C10C2} = {6F794559-785A-4FCB-8868-225C2AE9D08E}
		{C945A59B-3BEF-414E-AC6B-E460B67E6BB2} = {32AC3171-B33A-42AE-BF8F-9AB8D19E8CFE}
		{6ADEE563-2C9D-4A87-B33B-C815280C36A4} = {C945A59B-3BEF-414E-AC6B-E460B67E6BB2}
		{EF3403F3-0B48-4327-A708-3E0C873D02EB} = {5F212AEB-E122-458E-9246-3526A89C10C2}
		{F89B5136-B3E2-427A-B27F-0F5C326B423A} = {7BB1BCC9-E44B-42C3-98ED-A34BA03F9004}
	EndGlobalSection
EndGlobal
